// !$*UTF8*$!
{
	archiveVersion = 1;
	classes = {
	};
	objectVersion = 46;
	objects = {

/* Begin PBXBuildFile section */
		3878E6C01D058FF40068097F /* ViewModel.swift in Sources */ = {isa = PBXBuildFile; fileRef = 3878E6BE1D058FF40068097F /* ViewModel.swift */; };
		3878E6C11D058FF40068097F /* ViewModelObservable.swift in Sources */ = {isa = PBXBuildFile; fileRef = 3878E6BF1D058FF40068097F /* ViewModelObservable.swift */; };
		3888B6A01CF393070095EBD9 /* AppDelegate.swift in Sources */ = {isa = PBXBuildFile; fileRef = 3888B69F1CF393070095EBD9 /* AppDelegate.swift */; };
		3888B6A21CF393070095EBD9 /* ViewController.swift in Sources */ = {isa = PBXBuildFile; fileRef = 3888B6A11CF393070095EBD9 /* ViewController.swift */; };
		3888B6A51CF393070095EBD9 /* Main.storyboard in Resources */ = {isa = PBXBuildFile; fileRef = 3888B6A31CF393070095EBD9 /* Main.storyboard */; };
		3888B6A71CF393070095EBD9 /* Assets.xcassets in Resources */ = {isa = PBXBuildFile; fileRef = 3888B6A61CF393070095EBD9 /* Assets.xcassets */; };
		3888B6AA1CF393070095EBD9 /* LaunchScreen.storyboard in Resources */ = {isa = PBXBuildFile; fileRef = 3888B6A81CF393070095EBD9 /* LaunchScreen.storyboard */; };
		3888B6B51CF393070095EBD9 /* DemoTests.swift in Sources */ = {isa = PBXBuildFile; fileRef = 3888B6B41CF393070095EBD9 /* DemoTests.swift */; };
/* End PBXBuildFile section */

/* Begin PBXContainerItemProxy section */
		3888B6B11CF393070095EBD9 /* PBXContainerItemProxy */ = {
			isa = PBXContainerItemProxy;
			containerPortal = 3888B6941CF393070095EBD9 /* Project object */;
			proxyType = 1;
			remoteGlobalIDString = 3888B69B1CF393070095EBD9;
			remoteInfo = Demo;
		};
/* End PBXContainerItemProxy section */

/* Begin PBXFileReference section */
		3878E6BE1D058FF40068097F /* ViewModel.swift */ = {isa = PBXFileReference; fileEncoding = 4; lastKnownFileType = sourcecode.swift; path = ViewModel.swift; sourceTree = "<group>"; };
		3878E6BF1D058FF40068097F /* ViewModelObservable.swift */ = {isa = PBXFileReference; fileEncoding = 4; lastKnownFileType = sourcecode.swift; path = ViewModelObservable.swift; sourceTree = "<group>"; };
		3888B69C1CF393070095EBD9 /* Demo.app */ = {isa = PBXFileReference; explicitFileType = wrapper.application; includeInIndex = 0; path = Demo.app; sourceTree = BUILT_PRODUCTS_DIR; };
		3888B69F1CF393070095EBD9 /* AppDelegate.swift */ = {isa = PBXFileReference; lastKnownFileType = sourcecode.swift; path = AppDelegate.swift; sourceTree = "<group>"; };
		3888B6A11CF393070095EBD9 /* ViewController.swift */ = {isa = PBXFileReference; lastKnownFileType = sourcecode.swift; path = ViewController.swift; sourceTree = "<group>"; };
		3888B6A41CF393070095EBD9 /* Base */ = {isa = PBXFileReference; lastKnownFileType = file.storyboard; name = Base; path = Base.lproj/Main.storyboard; sourceTree = "<group>"; };
		3888B6A61CF393070095EBD9 /* Assets.xcassets */ = {isa = PBXFileReference; lastKnownFileType = folder.assetcatalog; path = Assets.xcassets; sourceTree = "<group>"; };
		3888B6A91CF393070095EBD9 /* Base */ = {isa = PBXFileReference; lastKnownFileType = file.storyboard; name = Base; path = Base.lproj/LaunchScreen.storyboard; sourceTree = "<group>"; };
		3888B6AB1CF393070095EBD9 /* Info.plist */ = {isa = PBXFileReference; lastKnownFileType = text.plist.xml; path = Info.plist; sourceTree = "<group>"; };
		3888B6B01CF393070095EBD9 /* DemoTests.xctest */ = {isa = PBXFileReference; explicitFileType = wrapper.cfbundle; includeInIndex = 0; path = DemoTests.xctest; sourceTree = BUILT_PRODUCTS_DIR; };
		3888B6B41CF393070095EBD9 /* DemoTests.swift */ = {isa = PBXFileReference; lastKnownFileType = sourcecode.swift; path = DemoTests.swift; sourceTree = "<group>"; };
		3888B6B61CF393070095EBD9 /* Info.plist */ = {isa = PBXFileReference; lastKnownFileType = text.plist.xml; path = Info.plist; sourceTree = "<group>"; };
/* End PBXFileReference section */

/* Begin PBXFrameworksBuildPhase section */
		3888B6991CF393070095EBD9 /* Frameworks */ = {
			isa = PBXFrameworksBuildPhase;
			buildActionMask = 2147483647;
			files = (
			);
			runOnlyForDeploymentPostprocessing = 0;
		};
		3888B6AD1CF393070095EBD9 /* Frameworks */ = {
			isa = PBXFrameworksBuildPhase;
			buildActionMask = 2147483647;
			files = (
			);
			runOnlyForDeploymentPostprocessing = 0;
		};
/* End PBXFrameworksBuildPhase section */

/* Begin PBXGroup section */
		3878E6BD1D058FF40068097F /* ViewModelable */ = {
			isa = PBXGroup;
			children = (
				3878E6BE1D058FF40068097F /* ViewModel.swift */,
				3878E6BF1D058FF40068097F /* ViewModelObservable.swift */,
			);
			name = ViewModelable;
			path = ../ViewModelable;
			sourceTree = "<group>";
		};
		3888B6931CF393070095EBD9 = {
			isa = PBXGroup;
			children = (
				3878E6BD1D058FF40068097F /* ViewModelable */,
				3888B69E1CF393070095EBD9 /* Demo */,
				3888B6B31CF393070095EBD9 /* DemoTests */,
				3888B69D1CF393070095EBD9 /* Products */,
			);
			sourceTree = "<group>";
		};
		3888B69D1CF393070095EBD9 /* Products */ = {
			isa = PBXGroup;
			children = (
				3888B69C1CF393070095EBD9 /* Demo.app */,
				3888B6B01CF393070095EBD9 /* DemoTests.xctest */,
			);
			name = Products;
			sourceTree = "<group>";
		};
		3888B69E1CF393070095EBD9 /* Demo */ = {
			isa = PBXGroup;
			children = (
				3888B69F1CF393070095EBD9 /* AppDelegate.swift */,
				3888B6A11CF393070095EBD9 /* ViewController.swift */,
				3888B6A31CF393070095EBD9 /* Main.storyboard */,
				3888B6A61CF393070095EBD9 /* Assets.xcassets */,
				3888B6A81CF393070095EBD9 /* LaunchScreen.storyboard */,
				3888B6AB1CF393070095EBD9 /* Info.plist */,
			);
			path = Demo;
			sourceTree = "<group>";
		};
		3888B6B31CF393070095EBD9 /* DemoTests */ = {
			isa = PBXGroup;
			children = (
				3888B6B41CF393070095EBD9 /* DemoTests.swift */,
				3888B6B61CF393070095EBD9 /* Info.plist */,
			);
			path = DemoTests;
			sourceTree = "<group>";
		};
/* End PBXGroup section */

/* Begin PBXNativeTarget section */
		3888B69B1CF393070095EBD9 /* Demo */ = {
			isa = PBXNativeTarget;
			buildConfigurationList = 3888B6B91CF393070095EBD9 /* Build configuration list for PBXNativeTarget "Demo" */;
			buildPhases = (
				3888B6981CF393070095EBD9 /* Sources */,
				3888B6991CF393070095EBD9 /* Frameworks */,
				3888B69A1CF393070095EBD9 /* Resources */,
			);
			buildRules = (
			);
			dependencies = (
			);
			name = Demo;
			productName = Demo;
			productReference = 3888B69C1CF393070095EBD9 /* Demo.app */;
			productType = "com.apple.product-type.application";
		};
		3888B6AF1CF393070095EBD9 /* DemoTests */ = {
			isa = PBXNativeTarget;
			buildConfigurationList = 3888B6BC1CF393070095EBD9 /* Build configuration list for PBXNativeTarget "DemoTests" */;
			buildPhases = (
				3888B6AC1CF393070095EBD9 /* Sources */,
				3888B6AD1CF393070095EBD9 /* Frameworks */,
				3888B6AE1CF393070095EBD9 /* Resources */,
			);
			buildRules = (
			);
			dependencies = (
				3888B6B21CF393070095EBD9 /* PBXTargetDependency */,
			);
			name = DemoTests;
			productName = DemoTests;
			productReference = 3888B6B01CF393070095EBD9 /* DemoTests.xctest */;
			productType = "com.apple.product-type.bundle.unit-test";
		};
/* End PBXNativeTarget section */

/* Begin PBXProject section */
		3888B6941CF393070095EBD9 /* Project object */ = {
			isa = PBXProject;
			attributes = {
				LastSwiftUpdateCheck = 0730;
				LastUpgradeCheck = 0730;
				ORGANIZATIONNAME = "Unified Sense";
				TargetAttributes = {
					3888B69B1CF393070095EBD9 = {
						CreatedOnToolsVersion = 7.3.1;
					};
					3888B6AF1CF393070095EBD9 = {
						CreatedOnToolsVersion = 7.3.1;
						TestTargetID = 3888B69B1CF393070095EBD9;
					};
				};
			};
			buildConfigurationList = 3888B6971CF393070095EBD9 /* Build configuration list for PBXProject "Demo" */;
			compatibilityVersion = "Xcode 3.2";
			developmentRegion = English;
			hasScannedForEncodings = 0;
			knownRegions = (
				en,
				Base,
			);
			mainGroup = 3888B6931CF393070095EBD9;
			productRefGroup = 3888B69D1CF393070095EBD9 /* Products */;
			projectDirPath = "";
			projectRoot = "";
			targets = (
				3888B69B1CF393070095EBD9 /* Demo */,
				3888B6AF1CF393070095EBD9 /* DemoTests */,
			);
		};
/* End PBXProject section */

/* Begin PBXResourcesBuildPhase section */
		3888B69A1CF393070095EBD9 /* Resources */ = {
			isa = PBXResourcesBuildPhase;
			buildActionMask = 2147483647;
			files = (
				3888B6AA1CF393070095EBD9 /* LaunchScreen.storyboard in Resources */,
				3888B6A71CF393070095EBD9 /* Assets.xcassets in Resources */,
				3888B6A51CF393070095EBD9 /* Main.storyboard in Resources */,
			);
			runOnlyForDeploymentPostprocessing = 0;
		};
		3888B6AE1CF393070095EBD9 /* Resources */ = {
			isa = PBXResourcesBuildPhase;
			buildActionMask = 2147483647;
			files = (
			);
			runOnlyForDeploymentPostprocessing = 0;
		};
/* End PBXResourcesBuildPhase section */

/* Begin PBXSourcesBuildPhase section */
		3888B6981CF393070095EBD9 /* Sources */ = {
			isa = PBXSourcesBuildPhase;
			buildActionMask = 2147483647;
			files = (
				3888B6A21CF393070095EBD9 /* ViewController.swift in Sources */,
				3878E6C11D058FF40068097F /* ViewModelObservable.swift in Sources */,
				3878E6C01D058FF40068097F /* ViewModel.swift in Sources */,
				3888B6A01CF393070095EBD9 /* AppDelegate.swift in Sources */,
			);
			runOnlyForDeploymentPostprocessing = 0;
		};
		3888B6AC1CF393070095EBD9 /* Sources */ = {
			isa = PBXSourcesBuildPhase;
			buildActionMask = 2147483647;
			files = (
				3888B6B51CF393070095EBD9 /* DemoTests.swift in Sources */,
			);
			runOnlyForDeploymentPostprocessing = 0;
		};
/* End PBXSourcesBuildPhase section */

/* Begin PBXTargetDependency section */
		3888B6B21CF393070095EBD9 /* PBXTargetDependency */ = {
			isa = PBXTargetDependency;
			target = 3888B69B1CF393070095EBD9 /* Demo */;
			targetProxy = 3888B6B11CF393070095EBD9 /* PBXContainerItemProxy */;
		};
/* End PBXTargetDependency section */

/* Begin PBXVariantGroup section */
		3888B6A31CF393070095EBD9 /* Main.storyboard */ = {
			isa = PBXVariantGroup;
			children = (
				3888B6A41CF393070095EBD9 /* Base */,
			);
			name = Main.storyboard;
			sourceTree = "<group>";
		};
		3888B6A81CF393070095EBD9 /* LaunchScreen.storyboard */ = {
			isa = PBXVariantGroup;
			children = (
				3888B6A91CF393070095EBD9 /* Base */,
			);
			name = LaunchScreen.storyboard;
			sourceTree = "<group>";
		};
/* End PBXVariantGroup section */

/* Begin XCBuildConfiguration section */
		3888B6B71CF393070095EBD9 /* Debug */ = {
			isa = XCBuildConfiguration;
			buildSettings = {
				ALWAYS_SEARCH_USER_PATHS = NO;
				CLANG_ANALYZER_NONNULL = YES;
				CLANG_CXX_LANGUAGE_STANDARD = "gnu++0x";
				CLANG_CXX_LIBRARY = "libc++";
				CLANG_ENABLE_MODULES = YES;
				CLANG_ENABLE_OBJC_ARC = YES;
				CLANG_WARN_BOOL_CONVERSION = YES;
				CLANG_WARN_CONSTANT_CONVERSION = YES;
				CLANG_WARN_DIRECT_OBJC_ISA_USAGE = YES_ERROR;
				CLANG_WARN_EMPTY_BODY = YES;
				CLANG_WARN_ENUM_CONVERSION = YES;
				CLANG_WARN_INT_CONVERSION = YES;
				CLANG_WARN_OBJC_ROOT_CLASS = YES_ERROR;
				CLANG_WARN_UNREACHABLE_CODE = YES;
				CLANG_WARN__DUPLICATE_METHOD_MATCH = YES;
				"CODE_SIGN_IDENTITY[sdk=iphoneos*]" = "iPhone Developer";
				COPY_PHASE_STRIP = NO;
				DEBUG_INFORMATION_FORMAT = dwarf;
				ENABLE_STRICT_OBJC_MSGSEND = YES;
				ENABLE_TESTABILITY = YES;
				GCC_C_LANGUAGE_STANDARD = gnu99;
				GCC_DYNAMIC_NO_PIC = NO;
				GCC_NO_COMMON_BLOCKS = YES;
				GCC_OPTIMIZATION_LEVEL = 0;
				GCC_PREPROCESSOR_DEFINITIONS = (
					"DEBUG=1",
					"$(inherited)",
				);
				GCC_WARN_64_TO_32_BIT_CONVERSION = YES;
				GCC_WARN_ABOUT_RETURN_TYPE = YES_ERROR;
				GCC_WARN_UNDECLARED_SELECTOR = YES;
				GCC_WARN_UNINITIALIZED_AUTOS = YES_AGGRESSIVE;
				GCC_WARN_UNUSED_FUNCTION = YES;
				GCC_WARN_UNUSED_VARIABLE = YES;
				IPHONEOS_DEPLOYMENT_TARGET = 9.3;
				MTL_ENABLE_DEBUG_INFO = YES;
				ONLY_ACTIVE_ARCH = YES;
				SDKROOT = iphoneos;
				SWIFT_OPTIMIZATION_LEVEL = "-Onone";
				TARGETED_DEVICE_FAMILY = "1,2";
			};
			name = Debug;
		};
		3888B6B81CF393070095EBD9 /* Release */ = {
			isa = XCBuildConfiguration;
			buildSettings = {
				ALWAYS_SEARCH_USER_PATHS = NO;
				CLANG_ANALYZER_NONNULL = YES;
				CLANG_CXX_LANGUAGE_STANDARD = "gnu++0x";
				CLANG_CXX_LIBRARY = "libc++";
				CLANG_ENABLE_MODULES = YES;
				CLANG_ENABLE_OBJC_ARC = YES;
				CLANG_WARN_BOOL_CONVERSION = YES;
				CLANG_WARN_CONSTANT_CONVERSION = YES;
				CLANG_WARN_DIRECT_OBJC_ISA_USAGE = YES_ERROR;
				CLANG_WARN_EMPTY_BODY = YES;
				CLANG_WARN_ENUM_CONVERSION = YES;
				CLANG_WARN_INT_CONVERSION = YES;
				CLANG_WARN_OBJC_ROOT_CLASS = YES_ERROR;
				CLANG_WARN_UNREACHABLE_CODE = YES;
				CLANG_WARN__DUPLICATE_METHOD_MATCH = YES;
				"CODE_SIGN_IDENTITY[sdk=iphoneos*]" = "iPhone Developer";
				COPY_PHASE_STRIP = NO;
				DEBUG_INFORMATION_FORMAT = "dwarf-with-dsym";
				ENABLE_NS_ASSERTIONS = NO;
				ENABLE_STRICT_OBJC_MSGSEND = YES;
				GCC_C_LANGUAGE_STANDARD = gnu99;
				GCC_NO_COMMON_BLOCKS = YES;
				GCC_WARN_64_TO_32_BIT_CONVERSION = YES;
				GCC_WARN_ABOUT_RETURN_TYPE = YES_ERROR;
				GCC_WARN_UNDECLARED_SELECTOR = YES;
				GCC_WARN_UNINITIALIZED_AUTOS = YES_AGGRESSIVE;
				GCC_WARN_UNUSED_FUNCTION = YES;
				GCC_WARN_UNUSED_VARIABLE = YES;
				IPHONEOS_DEPLOYMENT_TARGET = 9.3;
				MTL_ENABLE_DEBUG_INFO = NO;
				SDKROOT = iphoneos;
				TARGETED_DEVICE_FAMILY = "1,2";
				VALIDATE_PRODUCT = YES;
			};
			name = Release;
		};
		3888B6BA1CF393070095EBD9 /* Debug */ = {
			isa = XCBuildConfiguration;
			buildSettings = {
				ASSETCATALOG_COMPILER_APPICON_NAME = AppIcon;
				INFOPLIST_FILE = Demo/Info.plist;
				LD_RUNPATH_SEARCH_PATHS = "$(inherited) @executable_path/Frameworks";
				PRODUCT_BUNDLE_IDENTIFIER = com.unifiedsense.ViewModelable.Demo;
				PRODUCT_NAME = "$(TARGET_NAME)";
			};
			name = Debug;
		};
		3888B6BB1CF393070095EBD9 /* Release */ = {
			isa = XCBuildConfiguration;
			buildSettings = {
				ASSETCATALOG_COMPILER_APPICON_NAME = AppIcon;
				INFOPLIST_FILE = Demo/Info.plist;
				LD_RUNPATH_SEARCH_PATHS = "$(inherited) @executable_path/Frameworks";
				PRODUCT_BUNDLE_IDENTIFIER = com.unifiedsense.ViewModelable.Demo;
				PRODUCT_NAME = "$(TARGET_NAME)";
			};
			name = Release;
		};
		3888B6BD1CF393070095EBD9 /* Debug */ = {
			isa = XCBuildConfiguration;
			buildSettings = {
				BUNDLE_LOADER = "$(TEST_HOST)";
				INFOPLIST_FILE = DemoTests/Info.plist;
				LD_RUNPATH_SEARCH_PATHS = "$(inherited) @executable_path/Frameworks @loader_path/Frameworks";
				PRODUCT_BUNDLE_IDENTIFIER = com.unifiedsense.ViewModelable.DemoTests;
				PRODUCT_NAME = "$(TARGET_NAME)";
				TEST_HOST = "$(BUILT_PRODUCTS_DIR)/Demo.app/Demo";
			};
			name = Debug;
		};
		3888B6BE1CF393070095EBD9 /* Release */ = {
			isa = XCBuildConfiguration;
			buildSettings = {
				BUNDLE_LOADER = "$(TEST_HOST)";
				INFOPLIST_FILE = DemoTests/Info.plist;
				LD_RUNPATH_SEARCH_PATHS = "$(inherited) @executable_path/Frameworks @loader_path/Frameworks";
				PRODUCT_BUNDLE_IDENTIFIER = com.unifiedsense.ViewModelable.DemoTests;
				PRODUCT_NAME = "$(TARGET_NAME)";
				TEST_HOST = "$(BUILT_PRODUCTS_DIR)/Demo.app/Demo";
			};
			name = Release;
		};
/* End XCBuildConfiguration section */

/* Begin XCConfigurationList section */
		3888B6971CF393070095EBD9 /* Build configuration list for PBXProject "Demo" */ = {
			isa = XCConfigurationList;
			buildConfigurations = (
				3888B6B71CF393070095EBD9 /* Debug */,
				3888B6B81CF393070095EBD9 /* Release */,
			);
			defaultConfigurationIsVisible = 0;
			defaultConfigurationName = Release;
		};
		3888B6B91CF393070095EBD9 /* Build configuration list for PBXNativeTarget "Demo" */ = {
			isa = XCConfigurationList;
			buildConfigurations = (
				3888B6BA1CF393070095EBD9 /* Debug */,
				3888B6BB1CF393070095EBD9 /* Release */,
			);
			defaultConfigurationIsVisible = 0;
			defaultConfigurationName = Release;
		};
		3888B6BC1CF393070095EBD9 /* Build configuration list for PBXNativeTarget "DemoTests" */ = {
			isa = XCConfigurationList;
			buildConfigurations = (
				3888B6BD1CF393070095EBD9 /* Debug */,
				3888B6BE1CF393070095EBD9 /* Release */,
			);
			defaultConfigurationIsVisible = 0;
			defaultConfigurationName = Release;
		};
/* End XCConfigurationList section */
	};
	rootObject = 3888B6941CF393070095EBD9 /* Project object */;
}
